
Microsoft Visual Studio Solution File, Format Version 12.00
# Visual Studio Version 17
VisualStudioVersion = 17.5.002.0
MinimumVisualStudioVersion = 10.0.40219.1
Project("{9A19103F-16F7-4668-BE54-9A1E7A4F7556}") = "6 - object pool", "6 - object pool.csproj", "{5ECB74D2-D760-4116-A099-1C52A988B160}"
EndProject
Global
	GlobalSection(SolutionConfigurationPlatforms) = preSolution
		Debug|Any CPU = Debug|Any CPU
		Release|Any CPU = Release|Any CPU
	EndGlobalSection
	GlobalSection(ProjectConfigurationPlatforms) = postSolution
		{5ECB74D2-D760-4116-A099-1C52A988B160}.Debug|Any CPU.ActiveCfg = Debug|Any CPU
		{5ECB74D2-D760-4116-A099-1C52A988B160}.Debug|Any CPU.Build.0 = Debug|Any CPU
		{5ECB74D2-D760-4116-A099-1C52A988B160}.Release|Any CPU.ActiveCfg = Release|Any CPU
		{5ECB74D2-D760-4116-A099-1C52A988B160}.Release|Any CPU.Build.0 = Release|Any CPU
	EndGlobalSection
	GlobalSection(SolutionProperties) = preSolution
		HideSolutionNode = FALSE
	EndGlobalSection
	GlobalSection(ExtensibilityGlobals) = postSolution
		SolutionGuid = {FF16D55D-5FBF-48EF-997A-D27848740F79}
	EndGlobalSection
EndGlobal
