
Microsoft Visual Studio Solution File, Format Version 12.00
# Visual Studio Version 17
VisualStudioVersion = 17.5.002.0
MinimumVisualStudioVersion = 10.0.40219.1
Project("{9A19103F-16F7-4668-BE54-9A1E7A4F7556}") = "14 - chain of responsibility", "14 - chain of responsibility.csproj", "{7F2B2EC1-6764-452B-9D3A-332AC461136A}"
EndProject
Global
	GlobalSection(SolutionConfigurationPlatforms) = preSolution
		Debug|Any CPU = Debug|Any CPU
		Release|Any CPU = Release|Any CPU
	EndGlobalSection
	GlobalSection(ProjectConfigurationPlatforms) = postSolution
		{7F2B2EC1-6764-452B-9D3A-332AC461136A}.Debug|Any CPU.ActiveCfg = Debug|Any CPU
		{7F2B2EC1-6764-452B-9D3A-332AC461136A}.Debug|Any CPU.Build.0 = Debug|Any CPU
		{7F2B2EC1-6764-452B-9D3A-332AC461136A}.Release|Any CPU.ActiveCfg = Release|Any CPU
		{7F2B2EC1-6764-452B-9D3A-332AC461136A}.Release|Any CPU.Build.0 = Release|Any CPU
	EndGlobalSection
	GlobalSection(SolutionProperties) = preSolution
		HideSolutionNode = FALSE
	EndGlobalSection
	GlobalSection(ExtensibilityGlobals) = postSolution
		SolutionGuid = {EB5BD98E-043A-4143-9BFB-1C9F88EAF9BC}
	EndGlobalSection
EndGlobal
